#MicroXplorer Configuration settings - do not modify
FDCAN1.DataPrescaler=1
FDCAN1.DataTimeSeg1=7
FDCAN1.DataTimeSeg2=2
FDCAN1.FrameFormat=FDCAN_FRAME_FD_BRS
FDCAN1.IPParameters=NominalPrescaler,DataPrescaler,TxEventsNbr,TxFifoQueueElmtsNbr,FrameFormat,NominalTimeSeg1,DataTimeSeg1,DataTimeSeg2,TxElmtSize
FDCAN1.NominalPrescaler=8
FDCAN1.NominalTimeSeg1=7
FDCAN1.TxElmtSize=FDCAN_DATA_BYTES_64
FDCAN1.TxEventsNbr=0
FDCAN1.TxFifoQueueElmtsNbr=16
File.Version=6
GPIO.groupedBy=Group By Peripherals
KeepUserPlacement=true
Mcu.Family=STM32H7
Mcu.IP0=CORTEX_M7
Mcu.IP1=DEBUG
Mcu.IP10=SPI2
Mcu.IP11=SPI3
Mcu.IP12=SPI4
Mcu.IP13=SYS
Mcu.IP14=TIM2
Mcu.IP15=UART8
Mcu.IP16=USART3
Mcu.IP17=USB_OTG_FS
Mcu.IP2=FDCAN1
Mcu.IP3=FDCAN2
Mcu.IP4=I2C1
Mcu.IP5=I2C3
Mcu.IP6=I2C4
Mcu.IP7=NVIC
Mcu.IP8=RCC
Mcu.IP9=SPI1
Mcu.IPNb=18
Mcu.Name=STM32H743VITx
Mcu.Package=LQFP100
Mcu.Pin0=PE2
Mcu.Pin1=PE3
Mcu.Pin10=PC1
Mcu.Pin11=PA0
Mcu.Pin12=PA1
Mcu.Pin13=PA2
Mcu.Pin14=PA3
Mcu.Pin15=PA5
Mcu.Pin16=PA6
Mcu.Pin17=PA7
Mcu.Pin18=PC4
Mcu.Pin19=PC5
Mcu.Pin2=PE4
Mcu.Pin20=PB2
Mcu.Pin21=PB10
Mcu.Pin22=PB11
Mcu.Pin23=PB14
Mcu.Pin24=PB15
Mcu.Pin25=PD9
Mcu.Pin26=PD10
Mcu.Pin27=PD11
Mcu.Pin28=PD12
Mcu.Pin29=PD13
Mcu.Pin3=PE5
Mcu.Pin30=PD14
Mcu.Pin31=PD15
Mcu.Pin32=PC6
Mcu.Pin33=PC7
Mcu.Pin34=PC8
Mcu.Pin35=PC9
Mcu.Pin36=PA8
Mcu.Pin37=PA9
Mcu.Pin38=PA10
Mcu.Pin39=PA11
Mcu.Pin4=PE6
Mcu.Pin40=PA12
Mcu.Pin41=PA13 (JTMS/SWDIO)
Mcu.Pin42=PA14 (JTCK/SWCLK)
Mcu.Pin43=PA15 (JTDI)
Mcu.Pin44=PC10
Mcu.Pin45=PC11
Mcu.Pin46=PC12
Mcu.Pin47=PD0
Mcu.Pin48=PD1
Mcu.Pin49=PD2
Mcu.Pin5=PC13
Mcu.Pin50=PD3
Mcu.Pin51=PD4
Mcu.Pin52=PD5
Mcu.Pin53=PD6
Mcu.Pin54=PD7
Mcu.Pin55=PB3 (JTDO/TRACESWO)
Mcu.Pin56=PB4 (NJTRST)
Mcu.Pin57=PB5
Mcu.Pin58=PB6
Mcu.Pin59=PB7
Mcu.Pin6=PC14-OSC32_IN (OSC32_IN)
Mcu.Pin60=PB8
Mcu.Pin61=PB9
Mcu.Pin62=PE0
Mcu.Pin63=PE1
Mcu.Pin64=VP_SYS_VS_Systick
Mcu.Pin65=VP_TIM2_VS_ClockSourceINT
Mcu.Pin7=PC15-OSC32_OUT (OSC32_OUT)
Mcu.Pin8=PH1-OSC_OUT (PH1)
Mcu.Pin9=PC0
Mcu.PinsNb=66
Mcu.ThirdPartyNb=0
Mcu.UserConstants=
Mcu.UserName=STM32H743VITx
MxCube.Version=6.0.1
MxDb.Version=DB.6.0.0
NVIC.BusFault_IRQn=true\:0\:0\:false\:false\:true\:false\:false
NVIC.DebugMonitor_IRQn=true\:0\:0\:false\:false\:true\:false\:false
NVIC.ForceEnableDMAVector=true
NVIC.HardFault_IRQn=true\:0\:0\:false\:false\:true\:false\:false
NVIC.MemoryManagement_IRQn=true\:0\:0\:false\:false\:true\:false\:false
NVIC.NonMaskableInt_IRQn=true\:0\:0\:false\:false\:true\:false\:false
NVIC.PendSV_IRQn=true\:0\:0\:false\:false\:true\:false\:false
NVIC.PriorityGroup=NVIC_PRIORITYGROUP_4
NVIC.SPI1_IRQn=true\:0\:0\:false\:false\:true\:true\:true
NVIC.SPI2_IRQn=true\:0\:0\:false\:false\:true\:true\:true
NVIC.SPI3_IRQn=true\:0\:0\:false\:false\:true\:true\:true
NVIC.SPI4_IRQn=true\:0\:0\:false\:false\:true\:true\:true
NVIC.SVCall_IRQn=true\:0\:0\:false\:false\:true\:false\:false
NVIC.SysTick_IRQn=true\:0\:0\:false\:false\:true\:false\:true
NVIC.TIM2_IRQn=true\:0\:0\:false\:false\:true\:true\:true
NVIC.USART3_IRQn=true\:0\:0\:false\:false\:true\:true\:true
NVIC.UsageFault_IRQn=true\:0\:0\:false\:false\:true\:false\:false
PA0.GPIOParameters=GPIO_PuPd,GPIO_Label
PA0.GPIO_Label=PWM_IN_0
PA0.GPIO_PuPd=GPIO_PULLDOWN
PA0.Locked=true
PA0.Signal=S_TIM2_CH1
PA1.GPIOParameters=GPIO_PuPd,GPIO_Label
PA1.GPIO_Label=PWM_IN_1
PA1.GPIO_PuPd=GPIO_PULLDOWN
PA1.Locked=true
PA1.Signal=S_TIM2_CH2
PA10.Mode=OTG/Dual_Role_Device
PA10.Signal=USB_OTG_FS_ID
PA11.Mode=OTG/Dual_Role_Device
PA11.Signal=USB_OTG_FS_DM
PA12.Mode=OTG/Dual_Role_Device
PA12.Signal=USB_OTG_FS_DP
PA13\ (JTMS/SWDIO).Mode=Serial_Wire
PA13\ (JTMS/SWDIO).Signal=DEBUG_JTMS-SWDIO
PA14\ (JTCK/SWCLK).Mode=Serial_Wire
PA14\ (JTCK/SWCLK).Signal=DEBUG_JTCK-SWCLK
PA15\ (JTDI).GPIOParameters=GPIO_PuPd,GPIO_Label
PA15\ (JTDI).GPIO_Label=DRV1_STATUS
PA15\ (JTDI).GPIO_PuPd=GPIO_PULLDOWN
PA15\ (JTDI).Locked=true
PA15\ (JTDI).Signal=GPIO_Input
PA2.GPIOParameters=GPIO_PuPd,GPIO_Label
PA2.GPIO_Label=PWM_IN_2
PA2.GPIO_PuPd=GPIO_PULLDOWN
PA2.Locked=true
PA2.Signal=S_TIM2_CH3
PA3.GPIOParameters=GPIO_PuPd,GPIO_Label
PA3.GPIO_Label=PWM_IN_3
PA3.GPIO_PuPd=GPIO_PULLDOWN
PA3.Locked=true
PA3.Signal=S_TIM2_CH4
PA5.Mode=Full_Duplex_Master
PA5.Signal=SPI1_SCK
PA6.Mode=Full_Duplex_Master
PA6.Signal=SPI1_MISO
PA7.Mode=Full_Duplex_Master
PA7.Signal=SPI1_MOSI
PA8.Mode=I2C
PA8.Signal=I2C3_SCL
PA9.Mode=Activate_VBUS
PA9.Signal=USB_OTG_FS_VBUS
PB10.Mode=Asynchronous
PB10.Signal=USART3_TX
PB11.Mode=Asynchronous
PB11.Signal=USART3_RX
PB14.Mode=Full_Duplex_Master
PB14.Signal=SPI2_MISO
PB15.GPIOParameters=GPIO_Label
PB15.GPIO_Label=LED_GREEN
PB15.Locked=true
PB15.Signal=GPIO_Output
PB2.Mode=Full_Duplex_Master
PB2.Signal=SPI3_MOSI
PB3\ (JTDO/TRACESWO).GPIOParameters=GPIO_Label
PB3\ (JTDO/TRACESWO).GPIO_Label=DRV3_EN
PB3\ (JTDO/TRACESWO).Locked=true
PB3\ (JTDO/TRACESWO).Signal=GPIO_Output
PB4\ (NJTRST).GPIOParameters=GPIO_Label
PB4\ (NJTRST).GPIO_Label=DRV4_EN
PB4\ (NJTRST).Locked=true
PB4\ (NJTRST).Signal=GPIO_Output
PB5.Mode=FDCANFD
PB5.Signal=FDCAN2_RX
PB6.Mode=FDCANFD
PB6.Signal=FDCAN2_TX
PB7.Mode=I2C
PB7.Signal=I2C1_SDA
PB8.Mode=I2C
PB8.Signal=I2C1_SCL
PB9.GPIOParameters=PinState,GPIO_Label
PB9.GPIO_Label=CAN2_STBY
PB9.Locked=true
PB9.PinState=GPIO_PIN_RESET
PB9.Signal=GPIO_Output
PC0.GPIOParameters=PinState,GPIO_Label
PC0.GPIO_Label=DRV4_CSN_DRV
PC0.Locked=true
PC0.PinState=GPIO_PIN_SET
PC0.Signal=GPIO_Output
PC1.Mode=Full_Duplex_Master
PC1.Signal=SPI2_MOSI
PC10.Mode=Full_Duplex_Master
PC10.Signal=SPI3_SCK
PC11.Mode=Full_Duplex_Master
PC11.Signal=SPI3_MISO
PC12.GPIOParameters=GPIO_PuPd,GPIO_Label
PC12.GPIO_Label=DRV2_STATUS
PC12.GPIO_PuPd=GPIO_PULLDOWN
PC12.Locked=true
PC12.Signal=GPIO_Input
PC13.GPIOParameters=GPIO_PuPd,GPIO_Label
PC13.GPIO_Label=DRV4_FAULT
PC13.GPIO_PuPd=GPIO_PULLDOWN
PC13.Locked=true
PC13.Signal=GPIO_Input
PC14-OSC32_IN\ (OSC32_IN).GPIOParameters=PinState,GPIO_Label
PC14-OSC32_IN\ (OSC32_IN).GPIO_Label=DRV4_CSN_CTR
PC14-OSC32_IN\ (OSC32_IN).Locked=true
PC14-OSC32_IN\ (OSC32_IN).PinState=GPIO_PIN_SET
PC14-OSC32_IN\ (OSC32_IN).Signal=GPIO_Output
PC15-OSC32_OUT\ (OSC32_OUT).GPIOParameters=PinState,GPIO_Label
PC15-OSC32_OUT\ (OSC32_OUT).GPIO_Label=DRV3_CSN_DRV
PC15-OSC32_OUT\ (OSC32_OUT).Locked=true
PC15-OSC32_OUT\ (OSC32_OUT).PinState=GPIO_PIN_SET
PC15-OSC32_OUT\ (OSC32_OUT).Signal=GPIO_Output
PC4.GPIOParameters=PinState,GPIO_Label
PC4.GPIO_Label=DRV4_CSN_ENC
PC4.Locked=true
PC4.PinState=GPIO_PIN_SET
PC4.Signal=GPIO_Output
PC5.GPIOParameters=PinState,GPIO_Label
PC5.GPIO_Label=DRV3_CSN_ENC
PC5.Locked=true
PC5.PinState=GPIO_PIN_SET
PC5.Signal=GPIO_Output
PC6.GPIOParameters=PinState,GPIO_Label
PC6.GPIO_Label=DRV2_CSN_CTR
PC6.Locked=true
PC6.PinState=GPIO_PIN_SET
PC6.Signal=GPIO_Output
PC7.GPIOParameters=GPIO_PuPd,GPIO_Label
PC7.GPIO_Label=DRV1_FAULT
PC7.GPIO_PuPd=GPIO_PULLDOWN
PC7.Locked=true
PC7.Signal=GPIO_Input
PC8.GPIOParameters=PinState,GPIO_Label
PC8.GPIO_Label=DRV1_CSN_CTR
PC8.Locked=true
PC8.PinState=GPIO_PIN_SET
PC8.Signal=GPIO_Output
PC9.Mode=I2C
PC9.Signal=I2C3_SDA
PD0.Mode=FDCANFD
PD0.Signal=FDCAN1_RX
PD1.Mode=FDCANFD
PD1.Signal=FDCAN1_TX
PD10.GPIOParameters=PinState,GPIO_Label
PD10.GPIO_Label=DRV1_CSN_ENC
PD10.Locked=true
PD10.PinState=GPIO_PIN_SET
PD10.Signal=GPIO_Output
PD11.GPIOParameters=PinState,GPIO_Label
PD11.GPIO_Label=DRV2_CSN_DRV
PD11.Locked=true
PD11.PinState=GPIO_PIN_SET
PD11.Signal=GPIO_Output
PD12.Mode=I2C
PD12.Signal=I2C4_SCL
PD13.Mode=I2C
PD13.Signal=I2C4_SDA
PD14.GPIOParameters=PinState,GPIO_Label
PD14.GPIO_Label=DRV2_CSN_ENC
PD14.Locked=true
PD14.PinState=GPIO_PIN_SET
PD14.Signal=GPIO_Output
PD15.GPIOParameters=PinState,GPIO_Label
PD15.GPIO_Label=DRV1_CSN_DRV
PD15.Locked=true
PD15.PinState=GPIO_PIN_SET
PD15.Signal=GPIO_Output
PD2.GPIOParameters=PinState,GPIO_Label
PD2.GPIO_Label=CAN1_STBY
PD2.Locked=true
PD2.PinState=GPIO_PIN_RESET
PD2.Signal=GPIO_Output
PD3.Mode=Full_Duplex_Master
PD3.Signal=SPI2_SCK
PD4.GPIOParameters=GPIO_PuPd,GPIO_Label
PD4.GPIO_Label=DRV2_FAULT
PD4.GPIO_PuPd=GPIO_PULLDOWN
PD4.Locked=true
PD4.Signal=GPIO_Input
PD5.GPIOParameters=GPIO_Label
PD5.GPIO_Label=DRV1_EN
PD5.Locked=true
PD5.Signal=GPIO_Output
PD6.GPIOParameters=GPIO_PuPd,GPIO_Label
PD6.GPIO_Label=DRV3_FAULT
PD6.GPIO_PuPd=GPIO_PULLDOWN
PD6.Locked=true
PD6.Signal=GPIO_Input
PD7.GPIOParameters=GPIO_Label
PD7.GPIO_Label=DRV2_EN
PD7.Locked=true
PD7.Signal=GPIO_Output
PD9.GPIOParameters=GPIO_Label
PD9.GPIO_Label=LED_RED
PD9.Locked=true
PD9.Signal=GPIO_Output
PE0.Mode=Asynchronous
PE0.Signal=UART8_RX
PE1.Mode=Asynchronous
PE1.Signal=UART8_TX
PE2.GPIOParameters=GPIO_PuPd
PE2.GPIO_PuPd=GPIO_NOPULL
PE2.Mode=Full_Duplex_Master
PE2.Signal=SPI4_SCK
PE3.GPIOParameters=GPIO_PuPd,GPIO_Label
PE3.GPIO_Label=DRV3_STATUS
PE3.GPIO_PuPd=GPIO_PULLDOWN
PE3.Locked=true
PE3.Signal=GPIO_Input
PE4.GPIOParameters=GPIO_PuPd,GPIO_Label
PE4.GPIO_Label=DRV4_STATUS
PE4.GPIO_PuPd=GPIO_PULLDOWN
PE4.Locked=true
PE4.Signal=GPIO_Input
PE5.Mode=Full_Duplex_Master
PE5.Signal=SPI4_MISO
PE6.Mode=Full_Duplex_Master
PE6.Signal=SPI4_MOSI
PH1-OSC_OUT\ (PH1).GPIOParameters=PinState,GPIO_Label
PH1-OSC_OUT\ (PH1).GPIO_Label=DRV3_CSN_CTR
PH1-OSC_OUT\ (PH1).Locked=true
PH1-OSC_OUT\ (PH1).PinState=GPIO_PIN_SET
PH1-OSC_OUT\ (PH1).Signal=GPIO_Output
PinOutPanel.RotationAngle=0
ProjectManager.AskForMigrate=true
ProjectManager.BackupPrevious=false
ProjectManager.CompilerOptimize=6
ProjectManager.ComputerToolchain=false
ProjectManager.CoupleFile=true
ProjectManager.CustomerFirmwarePackage=
ProjectManager.DefaultFWLocation=true
ProjectManager.DeletePrevious=true
ProjectManager.DeviceId=STM32H743VITx
ProjectManager.FirmwarePackage=STM32Cube FW_H7 V1.8.0
ProjectManager.FreePins=false
ProjectManager.HalAssertFull=false
ProjectManager.HeapSize=0x200
ProjectManager.KeepUserCode=true
ProjectManager.LastFirmware=true
ProjectManager.LibraryCopy=1
ProjectManager.MainLocation=Src
ProjectManager.NoMain=false
ProjectManager.PreviousToolchain=TrueSTUDIO
ProjectManager.ProjectBuild=false
ProjectManager.ProjectFileName=SmartWing_Controller.ioc
ProjectManager.ProjectName=SmartWing_Controller
ProjectManager.RegisterCallBack=
ProjectManager.StackSize=0x400
ProjectManager.TargetToolchain=STM32CubeIDE
ProjectManager.ToolChainLocation=
ProjectManager.UnderRoot=true
ProjectManager.functionlistsort=1-MX_GPIO_Init-GPIO-false-HAL-true,2-SystemClock_Config-RCC-false-HAL-false,3-MX_FDCAN1_Init-FDCAN1-false-HAL-true,4-MX_FDCAN2_Init-FDCAN2-false-HAL-true,5-MX_I2C1_Init-I2C1-false-HAL-true,6-MX_I2C3_Init-I2C3-false-HAL-true,7-MX_I2C4_Init-I2C4-false-HAL-true,8-MX_SPI1_Init-SPI1-false-HAL-true,9-MX_SPI2_Init-SPI2-false-HAL-true,10-MX_SPI3_Init-SPI3-false-HAL-true,11-MX_SPI4_Init-SPI4-false-HAL-true,12-MX_USART3_UART_Init-USART3-false-HAL-true,13-MX_USB_OTG_FS_USB_Init-USB_OTG_FS-false-HAL-true,14-MX_UART8_Init-UART8-false-HAL-true,15-MX_TIM2_Init-TIM2-false-HAL-true,0-MX_CORTEX_M7_Init-CORTEX_M7-false-HAL-true
RCC.ADCCLockSelection=RCC_ADCCLKSOURCE_PLL3
RCC.ADCFreq_Value=129000000
RCC.AHB12Freq_Value=64000000
RCC.AHB4Freq_Value=64000000
RCC.APB1Freq_Value=64000000
RCC.APB2Freq_Value=64000000
RCC.APB3Freq_Value=64000000
RCC.APB4Freq_Value=64000000
RCC.AXIClockFreq_Value=64000000
RCC.CECFreq_Value=32000
RCC.CKPERFreq_Value=64000000
RCC.CortexFreq_Value=64000000
RCC.CpuClockFreq_Value=64000000
RCC.D1CPREFreq_Value=64000000
RCC.DFSDMACLkFreq_Value=129000000
RCC.DFSDMFreq_Value=64000000
RCC.DIVN2=80
RCC.DIVP1Freq_Value=129000000
RCC.DIVP2Freq_Value=80000000
RCC.DIVP3Freq_Value=129000000
RCC.DIVQ1Freq_Value=129000000
RCC.DIVQ2Freq_Value=80000000
RCC.DIVQ3Freq_Value=129000000
RCC.DIVR1Freq_Value=129000000
RCC.DIVR2Freq_Value=80000000
RCC.DIVR3Freq_Value=129000000
RCC.FDCANCLockSelection=RCC_FDCANCLKSOURCE_PLL2
RCC.FDCANFreq_Value=80000000
RCC.FMCFreq_Value=64000000
RCC.FamilyName=M
RCC.HCLK3ClockFreq_Value=64000000
RCC.HCLKFreq_Value=64000000
RCC.HRTIMFreq_Value=64000000
RCC.I2C123Freq_Value=64000000
RCC.I2C4Freq_Value=64000000
RCC.IPParameters=ADCCLockSelection,ADCFreq_Value,AHB12Freq_Value,AHB4Freq_Value,APB1Freq_Value,APB2Freq_Value,APB3Freq_Value,APB4Freq_Value,AXIClockFreq_Value,CECFreq_Value,CKPERFreq_Value,CortexFreq_Value,CpuClockFreq_Value,D1CPREFreq_Value,DFSDMACLkFreq_Value,DFSDMFreq_Value,DIVN2,DIVP1Freq_Value,DIVP2Freq_Value,DIVP3Freq_Value,DIVQ1Freq_Value,DIVQ2Freq_Value,DIVQ3Freq_Value,DIVR1Freq_Value,DIVR2Freq_Value,DIVR3Freq_Value,FDCANCLockSelection,FDCANFreq_Value,FMCFreq_Value,FamilyName,HCLK3ClockFreq_Value,HCLKFreq_Value,HRTIMFreq_Value,I2C123Freq_Value,I2C4Freq_Value,LPTIM1Freq_Value,LPTIM2Freq_Value,LPTIM345Freq_Value,LPUART1Freq_Value,LTDCFreq_Value,MCO1PinFreq_Value,MCO2PinFreq_Value,PWR_Regulator_Voltage_Scale,QSPIFreq_Value,RNGFreq_Value,RTCFreq_Value,SAI1Freq_Value,SAI23Freq_Value,SAI4AFreq_Value,SAI4BFreq_Value,SDMMCFreq_Value,SPDIFRXFreq_Value,SPI123Freq_Value,SPI45Freq_Value,SPI6Freq_Value,SWPMI1Freq_Value,SYSCLKFreq_VALUE,Tim1OutputFreq_Value,Tim2OutputFreq_Value,TraceFreq_Value,USART16Freq_Value,USART234578Freq_Value,USBCLockSelection,USBFreq_Value,VCO1OutputFreq_Value,VCO2OutputFreq_Value,VCO3OutputFreq_Value,VCOInput1Freq_Value,VCOInput2Freq_Value,VCOInput3Freq_Value
RCC.LPTIM1Freq_Value=64000000
RCC.LPTIM2Freq_Value=64000000
RCC.LPTIM345Freq_Value=64000000
RCC.LPUART1Freq_Value=64000000
RCC.LTDCFreq_Value=129000000
RCC.MCO1PinFreq_Value=64000000
RCC.MCO2PinFreq_Value=64000000
RCC.PWR_Regulator_Voltage_Scale=PWR_REGULATOR_VOLTAGE_SCALE1
RCC.QSPIFreq_Value=64000000
RCC.RNGFreq_Value=48000000
RCC.RTCFreq_Value=32000
RCC.SAI1Freq_Value=129000000
RCC.SAI23Freq_Value=129000000
RCC.SAI4AFreq_Value=129000000
RCC.SAI4BFreq_Value=129000000
RCC.SDMMCFreq_Value=129000000
RCC.SPDIFRXFreq_Value=129000000
RCC.SPI123Freq_Value=129000000
RCC.SPI45Freq_Value=64000000
RCC.SPI6Freq_Value=64000000
RCC.SWPMI1Freq_Value=64000000
RCC.SYSCLKFreq_VALUE=64000000
RCC.Tim1OutputFreq_Value=64000000
RCC.Tim2OutputFreq_Value=64000000
RCC.TraceFreq_Value=64000000
RCC.USART16Freq_Value=64000000
RCC.USART234578Freq_Value=64000000
RCC.USBCLockSelection=RCC_USBCLKSOURCE_HSI48
RCC.USBFreq_Value=48000000
RCC.VCO1OutputFreq_Value=258000000
RCC.VCO2OutputFreq_Value=160000000
RCC.VCO3OutputFreq_Value=258000000
RCC.VCOInput1Freq_Value=2000000
RCC.VCOInput2Freq_Value=2000000
RCC.VCOInput3Freq_Value=2000000
SH.S_TIM2_CH1.0=TIM2_CH1,Input_Capture1_from_TI1
SH.S_TIM2_CH1.ConfNb=1
SH.S_TIM2_CH2.0=TIM2_CH2,Input_Capture2_from_TI2
SH.S_TIM2_CH2.ConfNb=1
SH.S_TIM2_CH3.0=TIM2_CH3,Input_Capture3_from_TI3
SH.S_TIM2_CH3.ConfNb=1
SH.S_TIM2_CH4.0=TIM2_CH4,Input_Capture4_from_TI4
SH.S_TIM2_CH4.ConfNb=1
SPI1.BaudRatePrescaler=SPI_BAUDRATEPRESCALER_128
SPI1.CLKPhase=SPI_PHASE_2EDGE
SPI1.CLKPolarity=SPI_POLARITY_HIGH
SPI1.CalculateBaudRate=1.007812 MBits/s
SPI1.DataSize=SPI_DATASIZE_8BIT
SPI1.Direction=SPI_DIRECTION_2LINES
SPI1.IPParameters=VirtualType,Mode,Direction,CalculateBaudRate,DataSize,BaudRatePrescaler,NSSPMode,MasterKeepIOState,CLKPolarity,CLKPhase
SPI1.MasterKeepIOState=SPI_MASTER_KEEP_IO_STATE_ENABLE
SPI1.Mode=SPI_MODE_MASTER
SPI1.NSSPMode=SPI_NSS_PULSE_ENABLE
SPI1.VirtualType=VM_MASTER
SPI2.BaudRatePrescaler=SPI_BAUDRATEPRESCALER_128
SPI2.CLKPhase=SPI_PHASE_2EDGE
SPI2.CLKPolarity=SPI_POLARITY_HIGH
SPI2.CalculateBaudRate=1.007812 MBits/s
SPI2.DataSize=SPI_DATASIZE_8BIT
SPI2.Direction=SPI_DIRECTION_2LINES
SPI2.IPParameters=VirtualType,Mode,Direction,CalculateBaudRate,DataSize,BaudRatePrescaler,MasterKeepIOState,CLKPolarity,CLKPhase
SPI2.MasterKeepIOState=SPI_MASTER_KEEP_IO_STATE_ENABLE
SPI2.Mode=SPI_MODE_MASTER
SPI2.VirtualType=VM_MASTER
SPI3.BaudRatePrescaler=SPI_BAUDRATEPRESCALER_128
SPI3.CLKPhase=SPI_PHASE_2EDGE
SPI3.CLKPolarity=SPI_POLARITY_HIGH
SPI3.CalculateBaudRate=1.007812 MBits/s
SPI3.DataSize=SPI_DATASIZE_8BIT
SPI3.Direction=SPI_DIRECTION_2LINES
SPI3.IPParameters=VirtualType,Mode,Direction,CalculateBaudRate,DataSize,BaudRatePrescaler,MasterKeepIOState,CLKPolarity,CLKPhase
SPI3.MasterKeepIOState=SPI_MASTER_KEEP_IO_STATE_ENABLE
SPI3.Mode=SPI_MODE_MASTER
SPI3.VirtualType=VM_MASTER
SPI4.BaudRatePrescaler=SPI_BAUDRATEPRESCALER_128
SPI4.CLKPhase=SPI_PHASE_2EDGE
SPI4.CLKPolarity=SPI_POLARITY_HIGH
SPI4.CalculateBaudRate=500.0 KBits/s
SPI4.DataSize=SPI_DATASIZE_8BIT
SPI4.Direction=SPI_DIRECTION_2LINES
SPI4.IPParameters=VirtualType,Mode,Direction,CalculateBaudRate,DataSize,BaudRatePrescaler,MasterKeepIOState,CLKPolarity,CLKPhase
SPI4.MasterKeepIOState=SPI_MASTER_KEEP_IO_STATE_ENABLE
SPI4.Mode=SPI_MODE_MASTER
SPI4.VirtualType=VM_MASTER
TIM2.Channel-Input_Capture1_from_TI1=TIM_CHANNEL_1
TIM2.Channel-Input_Capture2_from_TI2=TIM_CHANNEL_2
TIM2.Channel-Input_Capture3_from_TI3=TIM_CHANNEL_3
TIM2.Channel-Input_Capture4_from_TI4=TIM_CHANNEL_4
TIM2.ICFilter_CH1=15
TIM2.ICFilter_CH2=15
TIM2.ICFilter_CH3=15
TIM2.ICFilter_CH4=15
TIM2.ICPolarity_CH1=TIM_INPUTCHANNELPOLARITY_BOTHEDGE
TIM2.ICPolarity_CH2=TIM_INPUTCHANNELPOLARITY_BOTHEDGE
TIM2.ICPolarity_CH3=TIM_INPUTCHANNELPOLARITY_BOTHEDGE
TIM2.ICPolarity_CH4=TIM_INPUTCHANNELPOLARITY_BOTHEDGE
TIM2.IPParameters=Prescaler,Period,Channel-Input_Capture4_from_TI4,Channel-Input_Capture3_from_TI3,Channel-Input_Capture2_from_TI2,Channel-Input_Capture1_from_TI1,ICPolarity_CH1,ICPolarity_CH2,ICPolarity_CH3,ICPolarity_CH4,ICFilter_CH1,ICFilter_CH2,ICFilter_CH3,ICFilter_CH4
TIM2.Period=0xffffffff
TIM2.Prescaler=63
USART3.IPParameters=VirtualMode-Asynchronous
USART3.VirtualMode-Asynchronous=VM_ASYNC
VP_SYS_VS_Systick.Mode=SysTick
VP_SYS_VS_Systick.Signal=SYS_VS_Systick
VP_TIM2_VS_ClockSourceINT.Mode=Internal
VP_TIM2_VS_ClockSourceINT.Signal=TIM2_VS_ClockSourceINT
board=custom
